
Microsoft Visual Studio Solution File, Format Version 12.00
# Visual Studio Version 17
VisualStudioVersion = 17.1.32228.430
MinimumVisualStudioVersion = 10.0.40219.1
Project("{FAE04EC0-301F-11D3-BF4B-00C04F79EFBC}") = "AlgoGenetiqueDemo", "AlgoGenetiqueDemo\AlgoGenetiqueDemo.csproj", "{C59F0369-FFE0-49F1-921B-2846F92B449B}"
EndProject
Global
	GlobalSection(SolutionConfigurationPlatforms) = preSolution
		Debug|Any CPU = Debug|Any CPU
		Release|Any CPU = Release|Any CPU
	EndGlobalSection
	GlobalSection(ProjectConfigurationPlatforms) = postSolution
		{C59F0369-FFE0-49F1-921B-2846F92B449B}.Debug|Any CPU.ActiveCfg = Debug|Any CPU
		{C59F0369-FFE0-49F1-921B-2846F92B449B}.Debug|Any CPU.Build.0 = Debug|Any CPU
		{C59F0369-FFE0-49F1-921B-2846F92B449B}.Release|Any CPU.ActiveCfg = Release|Any CPU
		{C59F0369-FFE0-49F1-921B-2846F92B449B}.Release|Any CPU.Build.0 = Release|Any CPU
	EndGlobalSection
	GlobalSection(SolutionProperties) = preSolution
		HideSolutionNode = FALSE
	EndGlobalSection
	GlobalSection(ExtensibilityGlobals) = postSolution
		SolutionGuid = {86723865-7F17-473C-A669-22C733015B06}
	EndGlobalSection
EndGlobal
